version: 2.0
shards:
  crest:
    git: https://github.com/mamantoha/crest.git
    version: 1.5.1

  deepl:
    git: https://github.com/kojix2/deepl.cr.git
    version: 0.1.0

  easyclip:
    git: https://github.com/kojix2/easyclip.git
    version: 0.1.1

  gi-crystal:
    git: https://github.com/hugopl/gi-crystal.git
    version: 0.25.0

  gtk4:
    git: https://github.com/hugopl/gtk4.cr.git
    version: 0.17.0

  harfbuzz:
    git: https://github.com/hugopl/harfbuzz.cr.git
    version: 0.2.1

  http-client-digest_auth:
    git: https://github.com/mamantoha/http-client-digest_auth.git
    version: 0.6.0

  http_proxy:
    git: https://github.com/mamantoha/http_proxy.git
    version: 0.13.0

  pango:
    git: https://github.com/hugopl/pango.cr.git
    version: 0.3.1

